
Microsoft Visual Studio Solution File, Format Version 12.00
# Visual Studio Version 17
VisualStudioVersion = 17.0.31919.166
MinimumVisualStudioVersion = 10.0.40219.1
Project("{FAE04EC0-301F-11D3-BF4B-00C04F79EFBC}") = "NOP.Data.Graphs", "NOP.Data.Graphs\NOP.Data.Graphs.csproj", "{3B671431-7995-4A1B-9D35-9F5206C3B81B}"
EndProject
Global
	GlobalSection(SolutionConfigurationPlatforms) = preSolution
		Debug|Any CPU = Debug|Any CPU
		Release|Any CPU = Release|Any CPU
	EndGlobalSection
	GlobalSection(ProjectConfigurationPlatforms) = postSolution
		{3B671431-7995-4A1B-9D35-9F5206C3B81B}.Debug|Any CPU.ActiveCfg = Debug|Any CPU
		{3B671431-7995-4A1B-9D35-9F5206C3B81B}.Debug|Any CPU.Build.0 = Debug|Any CPU
		{3B671431-7995-4A1B-9D35-9F5206C3B81B}.Release|Any CPU.ActiveCfg = Release|Any CPU
		{3B671431-7995-4A1B-9D35-9F5206C3B81B}.Release|Any CPU.Build.0 = Release|Any CPU
	EndGlobalSection
	GlobalSection(SolutionProperties) = preSolution
		HideSolutionNode = FALSE
	EndGlobalSection
	GlobalSection(ExtensibilityGlobals) = postSolution
		SolutionGuid = {33AD08FC-2159-47A6-AD23-7755C3F6F877}
	EndGlobalSection
EndGlobal
